
Microsoft Visual Studio Solution File, Format Version 12.00
# Visual Studio Version 17
VisualStudioVersion = 17.11.35303.130
MinimumVisualStudioVersion = 10.0.40219.1
Project("{FAE04EC0-301F-11D3-BF4B-00C04F79EFBC}") = "MyFirstApp", "MyFirstApp\MyFirstApp.csproj", "{57226997-007D-494E-8BF8-F56D7705CEB4}"
EndProject
Global
	GlobalSection(SolutionConfigurationPlatforms) = preSolution
		Debug|Any CPU = Debug|Any CPU
		Release|Any CPU = Release|Any CPU
	EndGlobalSection
	GlobalSection(ProjectConfigurationPlatforms) = postSolution
		{57226997-007D-494E-8BF8-F56D7705CEB4}.Debug|Any CPU.ActiveCfg = Debug|Any CPU
		{57226997-007D-494E-8BF8-F56D7705CEB4}.Debug|Any CPU.Build.0 = Debug|Any CPU
		{57226997-007D-494E-8BF8-F56D7705CEB4}.Release|Any CPU.ActiveCfg = Release|Any CPU
		{57226997-007D-494E-8BF8-F56D7705CEB4}.Release|Any CPU.Build.0 = Release|Any CPU
	EndGlobalSection
	GlobalSection(SolutionProperties) = preSolution
		HideSolutionNode = FALSE
	EndGlobalSection
	GlobalSection(ExtensibilityGlobals) = postSolution
		SolutionGuid = {F3F44477-9323-4FC0-BB17-79B4804A7382}
	EndGlobalSection
EndGlobal
